<?xml version="1.0" encoding="utf-8"?>
<Project ToolsVersion="4.0" xmlns="http://schemas.microsoft.com/developer/msbuild/2003">
  <ItemGroup>
    <Filter Include="Source Files">
      <UniqueIdentifier>{4FC737F1-C7A5-4376-A066-2A32D752A2FF}</UniqueIdentifier>
      <Extensions>cpp;c;cc;cxx;def;odl;idl;hpj;bat;asm;asmx</Extensions>
    </Filter>
    <Filter Include="Header Files">
      <UniqueIdentifier>{93995380-89BD-4b04-88EB-625FBE52EBFB}</UniqueIdentifier>
      <Extensions>h;hpp;hxx;hm;inl;inc;xsd</Extensions>
    </Filter>
    <Filter Include="Resource Files">
      <UniqueIdentifier>{67DA6AB6-F800-4c08-8B7A-83BB121AAD01}</UniqueIdentifier>
      <Extensions>rc;ico;cur;bmp;dlg;rc2;rct;bin;rgs;gif;jpg;jpeg;jpe;resx;tiff;tif;png;wav</Extensions>
    </Filter>
    <Filter Include="Resources">
      <UniqueIdentifier>{d1b2f72b-3694-4cf7-8432-1d0ef903e9a4}</UniqueIdentifier>
    </Filter>
  </ItemGroup>
  <ItemGroup>
    <ClCompile Include="AssemblyInfo.cpp">
      <Filter>Source Files</Filter>
    </ClCompile>
    <ClCompile Include="BigEater.cpp">
      <Filter>Source Files</Filter>
    </ClCompile>
    <ClCompile Include="BoardResolver.cpp">
      <Filter>Source Files</Filter>
    </ClCompile>
    <ClCompile Include="BoardSetup.cpp">
      <Filter>Source Files</Filter>
    </ClCompile>
    <ClCompile Include="BookLearning.cpp">
      <Filter>Source Files</Filter>
    </ClCompile>
    <ClCompile Include="ChessBoard.cpp">
      <Filter>Source Files</Filter>
    </ClCompile>
    <ClCompile Include="ChessPicBox.cpp">
      <Filter>Source Files</Filter>
    </ClCompile>
    <ClCompile Include="ConfigReader.cpp">
      <Filter>Source Files</Filter>
    </ClCompile>
    <ClCompile Include="Conversions.cpp">
      <Filter>Source Files</Filter>
    </ClCompile>
    <ClCompile Include="Craft.cpp">
      <Filter>Source Files</Filter>
    </ClCompile>
    <ClCompile Include="dlgChooseMachineType.cpp">
      <Filter>Source Files</Filter>
    </ClCompile>
    <ClCompile Include="Executor.cpp">
      <Filter>Source Files</Filter>
    </ClCompile>
    <ClCompile Include="FlashWindow.cpp">
      <Filter>Source Files</Filter>
    </ClCompile>
    <ClCompile Include="frmAbout.cpp">
      <Filter>Source Files</Filter>
    </ClCompile>
    <ClCompile Include="frmAnalyzer.cpp">
      <Filter>Source Files</Filter>
    </ClCompile>
    <ClCompile Include="frmEndGameInfo.cpp">
      <Filter>Source Files</Filter>
    </ClCompile>
    <ClCompile Include="frmMain.cpp">
      <Filter>Source Files</Filter>
    </ClCompile>
    <ClCompile Include="frmSetCustomEmpties.cpp">
      <Filter>Source Files</Filter>
    </ClCompile>
    <ClCompile Include="frmStartUp.cpp">
      <Filter>Source Files</Filter>
    </ClCompile>
    <ClCompile Include="frmStatistics.cpp">
      <Filter>Source Files</Filter>
    </ClCompile>
    <ClCompile Include="frmThanks.cpp">
      <Filter>Source Files</Filter>
    </ClCompile>
    <ClCompile Include="frmWish.cpp">
      <Filter>Source Files</Filter>
    </ClCompile>
    <ClCompile Include="Game.cpp">
      <Filter>Source Files</Filter>
    </ClCompile>
    <ClCompile Include="MemorySize.cpp">
      <Filter>Source Files</Filter>
    </ClCompile>
    <ClCompile Include="Othello.cpp">
      <Filter>Source Files</Filter>
    </ClCompile>
    <ClCompile Include="PatternLearning.cpp">
      <Filter>Source Files</Filter>
    </ClCompile>
    <ClCompile Include="PatternPreparer.cpp">
      <Filter>Source Files</Filter>
    </ClCompile>
    <ClCompile Include="PbNoAnimation.cpp">
      <Filter>Source Files</Filter>
    </ClCompile>
    <ClCompile Include="ProgressBarState.cpp">
      <Filter>Source Files</Filter>
    </ClCompile>
    <ClCompile Include="SearchRelated.cpp">
      <Filter>Source Files</Filter>
    </ClCompile>
    <ClCompile Include="SecondInstance.cpp">
      <Filter>Source Files</Filter>
    </ClCompile>
    <ClCompile Include="stdafx.cpp">
      <Filter>Source Files</Filter>
    </ClCompile>
    <ClCompile Include="Timer.cpp">
      <Filter>Source Files</Filter>
    </ClCompile>
    <ClCompile Include="WThorReader.cpp">
      <Filter>Source Files</Filter>
    </ClCompile>
  </ItemGroup>
  <ItemGroup>
    <ClInclude Include="AbstractPlayer.h">
      <Filter>Header Files</Filter>
    </ClInclude>
    <ClInclude Include="Analyze.h">
      <Filter>Header Files</Filter>
    </ClInclude>
    <ClInclude Include="BigEater.h">
      <Filter>Header Files</Filter>
    </ClInclude>
    <ClInclude Include="BoardResolver.h">
      <Filter>Header Files</Filter>
    </ClInclude>
    <ClInclude Include="BoardSetup.h">
      <Filter>Header Files</Filter>
    </ClInclude>
    <ClInclude Include="BookLearning.h">
      <Filter>Header Files</Filter>
    </ClInclude>
    <ClInclude Include="ChessBoard.h">
      <Filter>Header Files</Filter>
    </ClInclude>
    <ClInclude Include="ChessPicBox.h">
      <Filter>Header Files</Filter>
    </ClInclude>
    <ClInclude Include="Common.h">
      <Filter>Header Files</Filter>
    </ClInclude>
    <ClInclude Include="ConfigReader.h">
      <Filter>Header Files</Filter>
    </ClInclude>
    <ClInclude Include="Conversions.h">
      <Filter>Header Files</Filter>
    </ClInclude>
    <ClInclude Include="Craft.h">
      <Filter>Header Files</Filter>
    </ClInclude>
    <ClInclude Include="CSingleInstance.h">
      <Filter>Header Files</Filter>
    </ClInclude>
    <ClInclude Include="dlgChooseMachineType.h">
      <Filter>Header Files</Filter>
    </ClInclude>
    <ClInclude Include="Executor.h">
      <Filter>Header Files</Filter>
    </ClInclude>
    <ClInclude Include="FlashWindow.h">
      <Filter>Header Files</Filter>
    </ClInclude>
    <ClInclude Include="frmAbout.h">
      <Filter>Header Files</Filter>
    </ClInclude>
    <ClInclude Include="frmAnalyzer.h">
      <Filter>Header Files</Filter>
    </ClInclude>
    <ClInclude Include="frmEndGameInfo.h">
      <Filter>Header Files</Filter>
    </ClInclude>
    <ClInclude Include="frmMain.h">
      <Filter>Header Files</Filter>
    </ClInclude>
    <ClInclude Include="frmSetCustomEmpties.h">
      <Filter>Header Files</Filter>
    </ClInclude>
    <ClInclude Include="frmStartUp.h">
      <Filter>Header Files</Filter>
    </ClInclude>
    <ClInclude Include="frmStatistics.h">
      <Filter>Header Files</Filter>
    </ClInclude>
    <ClInclude Include="frmThanks.h">
      <Filter>Header Files</Filter>
    </ClInclude>
    <ClInclude Include="frmWish.h">
      <Filter>Header Files</Filter>
    </ClInclude>
    <ClInclude Include="Game.h">
      <Filter>Header Files</Filter>
    </ClInclude>
    <ClInclude Include="GameContext.h">
      <Filter>Header Files</Filter>
    </ClInclude>
    <ClInclude Include="MemorySize.h">
      <Filter>Header Files</Filter>
    </ClInclude>
    <ClInclude Include="Observer.h">
      <Filter>Header Files</Filter>
    </ClInclude>
    <ClInclude Include="Othello.h">
      <Filter>Header Files</Filter>
    </ClInclude>
    <ClInclude Include="PbNoAnimation.h">
      <Filter>Header Files</Filter>
    </ClInclude>
    <ClInclude Include="ProgressBarState.h">
      <Filter>Header Files</Filter>
    </ClInclude>
    <ClInclude Include="RandomPlayer.h">
      <Filter>Header Files</Filter>
    </ClInclude>
    <ClInclude Include="resource.h">
      <Filter>Header Files</Filter>
    </ClInclude>
    <ClInclude Include="SearchRelated.h">
      <Filter>Header Files</Filter>
    </ClInclude>
    <ClInclude Include="SecondInstance.h">
      <Filter>Header Files</Filter>
    </ClInclude>
    <ClInclude Include="Setting.h">
      <Filter>Header Files</Filter>
    </ClInclude>
    <ClInclude Include="..\Craft Engine\Solver.h">
      <Filter>Header Files</Filter>
    </ClInclude>
    <ClInclude Include="stdafx.h">
      <Filter>Header Files</Filter>
    </ClInclude>
    <ClInclude Include="Timer.h">
      <Filter>Header Files</Filter>
    </ClInclude>
    <ClInclude Include="WThorReader.h">
      <Filter>Header Files</Filter>
    </ClInclude>
  </ItemGroup>
  <ItemGroup>
    <EmbeddedResource Include="frmStartUp.resx">
      <Filter>Header Files</Filter>
    </EmbeddedResource>
    <EmbeddedResource Include="BoardSetup.resx">
      <Filter>Resource Files</Filter>
    </EmbeddedResource>
    <EmbeddedResource Include="BookLearning.resx">
      <Filter>Resource Files</Filter>
    </EmbeddedResource>
    <EmbeddedResource Include="dlgChooseMachineType.resx">
      <Filter>Resource Files</Filter>
    </EmbeddedResource>
    <EmbeddedResource Include="frmAbout.resx">
      <Filter>Resource Files</Filter>
    </EmbeddedResource>
    <EmbeddedResource Include="frmAnalyzer.resx">
      <Filter>Resource Files</Filter>
    </EmbeddedResource>
    <EmbeddedResource Include="frmEndGameInfo.resx">
      <Filter>Resource Files</Filter>
    </EmbeddedResource>
    <EmbeddedResource Include="frmMain.resx">
      <Filter>Resource Files</Filter>
    </EmbeddedResource>
    <EmbeddedResource Include="frmSetCustomEmpties.resx">
      <Filter>Resource Files</Filter>
    </EmbeddedResource>
    <EmbeddedResource Include="frmStatistics.resx">
      <Filter>Resource Files</Filter>
    </EmbeddedResource>
    <EmbeddedResource Include="frmThanks.resx">
      <Filter>Resource Files</Filter>
    </EmbeddedResource>
    <EmbeddedResource Include="frmWish.resx">
      <Filter>Resource Files</Filter>
    </EmbeddedResource>
    <EmbeddedResource Include="PatternLearning.resx">
      <Filter>Resource Files</Filter>
    </EmbeddedResource>
    <EmbeddedResource Include="PatternPreparer.resx">
      <Filter>Resource Files</Filter>
    </EmbeddedResource>
  </ItemGroup>
  <ItemGroup>
    <None Include="app.ico">
      <Filter>Resource Files</Filter>
    </None>
    <None Include="startup.png">
      <Filter>Resource Files</Filter>
    </None>
    <None Include="AvWhite.jpg">
      <Filter>Resources</Filter>
    </None>
    <None Include="Background.jpg">
      <Filter>Resources</Filter>
    </None>
    <None Include="BBlackChess.jpg">
      <Filter>Resources</Filter>
    </None>
    <None Include="BlackChess.jpg">
      <Filter>Resources</Filter>
    </None>
    <None Include="BoardSetupAv.bmp">
      <Filter>Resources</Filter>
    </None>
    <None Include="BoardSetupBlack.bmp">
      <Filter>Resources</Filter>
    </None>
    <None Include="BoardSetupWhite.bmp">
      <Filter>Resources</Filter>
    </None>
    <None Include="BWhiteChess.jpg">
      <Filter>Resources</Filter>
    </None>
    <None Include="ChessBoard.png">
      <Filter>Resources</Filter>
    </None>
    <None Include="FocusedAvBlack.jpg">
      <Filter>Resources</Filter>
    </None>
    <None Include="FocusedAvWhite.jpg">
      <Filter>Resources</Filter>
    </None>
    <None Include="FocusedSelectedAvBlack.jpg">
      <Filter>Resources</Filter>
    </None>
    <None Include="FocusedSelectedAvWhite.jpg">
      <Filter>Resources</Filter>
    </None>
    <None Include="iconBusy.png">
      <Filter>Resources</Filter>
    </None>
    <None Include="IconError.png">
      <Filter>Resources</Filter>
    </None>
    <None Include="IconInfo.png">
      <Filter>Resources</Filter>
    </None>
    <None Include="iconRest.png">
      <Filter>Resources</Filter>
    </None>
    <None Include="IconWarning.png">
      <Filter>Resources</Filter>
    </None>
    <None Include="NextAvBlack.jpg">
      <Filter>Resources</Filter>
    </None>
    <None Include="NextAvWhite.jpg">
      <Filter>Resources</Filter>
    </None>
    <None Include="NextSelectedAvBlack.jpg">
      <Filter>Resources</Filter>
    </None>
    <None Include="NextSelectedAvWhite.jpg">
      <Filter>Resources</Filter>
    </None>
    <None Include="SelectedAvBlack.jpg">
      <Filter>Resources</Filter>
    </None>
    <None Include="SelectedAvWhite.jpg">
      <Filter>Resources</Filter>
    </None>
    <None Include="WhiteChess.jpg">
      <Filter>Resources</Filter>
    </None>
    <None Include="AvBlack.jpg">
      <Filter>Resources</Filter>
    </None>
  </ItemGroup>
  <ItemGroup>
    <ResourceCompile Include="app.rc">
      <Filter>Resource Files</Filter>
    </ResourceCompile>
  </ItemGroup>
  <ItemGroup>
    <CustomBuildStep Include="PatternLearning.h">
      <Filter>Header Files</Filter>
    </CustomBuildStep>
    <CustomBuildStep Include="PatternPreparer.h">
      <Filter>Header Files</Filter>
    </CustomBuildStep>
    <CustomBuildStep Include="Uninst48.ico">
      <Filter>Resource Files</Filter>
    </CustomBuildStep>
  </ItemGroup>
</Project>